
Microsoft Visual Studio Solution File, Format Version 12.00
# Visual Studio Version 16
VisualStudioVersion = 16.0.29905.134
MinimumVisualStudioVersion = 10.0.40219.1
Project("{2150E333-8FDC-42A3-9474-1A3956D46DE8}") = "src", "src", "{39C72C02-D962-459B-934A-2CF1E5FACB21}"
EndProject
Project("{2150E333-8FDC-42A3-9474-1A3956D46DE8}") = "ApiGateways", "ApiGateways", "{9866C1DF-FC9A-4533-905D-325E04ECB01D}"
EndProject
Project("{2150E333-8FDC-42A3-9474-1A3956D46DE8}") = "Services", "Services", "{F9E8DA2C-F670-45AC-BDFD-AFC36950CE8F}"
EndProject
Project("{2150E333-8FDC-42A3-9474-1A3956D46DE8}") = "BuildingBlocks", "BuildingBlocks", "{A96F7C86-AAC7-4ED7-BCD1-DDDE316B122D}"
EndProject
Project("{2150E333-8FDC-42A3-9474-1A3956D46DE8}") = "EventBus", "EventBus", "{AD0484E9-F9F0-417C-90EB-FE344D1F37D6}"
EndProject
Project("{2150E333-8FDC-42A3-9474-1A3956D46DE8}") = "Catalog", "Catalog", "{3198E9E0-4173-4EE7-85FA-82742C0FF18A}"
EndProject
Project("{9A19103F-16F7-4668-BE54-9A1E7A4F7556}") = "Catalog.API", "src\Services\Catalog\Catalog.API\Catalog.API.csproj", "{0D5EF8EF-07C3-400E-8A90-8E6E23684684}"
EndProject
Project("{9A19103F-16F7-4668-BE54-9A1E7A4F7556}") = "IntegrationEventLogEF", "src\BuildBlocks\EventBus\IntegrationEventLogEF\IntegrationEventLogEF.csproj", "{BCCAB7AF-1290-4617-A7C3-2964905DD90B}"
EndProject
Project("{2150E333-8FDC-42A3-9474-1A3956D46DE8}") = "Solution Items", "Solution Items", "{F5B6C040-BC1C-4895-87B5-9A60D97D9D6C}"
	ProjectSection(SolutionItems) = preProject
		.filenesting.json = .filenesting.json
	EndProjectSection
EndProject
Project("{2150E333-8FDC-42A3-9474-1A3956D46DE8}") = "Devspaces.Support", "Devspaces.Support", "{0A15502F-9E4A-464A-B615-3CD97D99E6E4}"
EndProject
Project("{9A19103F-16F7-4668-BE54-9A1E7A4F7556}") = "Devspace.Support", "src\BuildBlocks\Devspace.Support\Devspace.Support.csproj", "{5C329C85-8648-4182-A394-012401F4D164}"
EndProject
Project("{9A19103F-16F7-4668-BE54-9A1E7A4F7556}") = "EventBuses", "src\BuildBlocks\EventBus\EventBuses\EventBuses.csproj", "{52DC4FCD-A438-441A-9AF4-A72BD382925F}"
EndProject
Project("{2150E333-8FDC-42A3-9474-1A3956D46DE8}") = "WebHost", "WebHost", "{1B0C9388-1B52-4BA1-9423-0DD830BFCEFF}"
EndProject
Project("{9A19103F-16F7-4668-BE54-9A1E7A4F7556}") = "EventBusServiceBus", "src\BuildBlocks\EventBus\EventBusServiceBus\EventBusServiceBus.csproj", "{68EB64AC-2BAC-4F95-B8CC-F7962BFC3445}"
EndProject
Project("{9A19103F-16F7-4668-BE54-9A1E7A4F7556}") = "EventBusRabbitMQ", "src\BuildBlocks\EventBus\EventBusRabbitMQ\EventBusRabbitMQ.csproj", "{6E49ACD5-8CA6-4504-8717-0141FAE36777}"
EndProject
Project("{9A19103F-16F7-4668-BE54-9A1E7A4F7556}") = "WebHost.Customization", "src\BuildBlocks\WebHost.Customization\WebHost.Customization.csproj", "{F345F544-FA8B-44C4-9897-F74BA802F96D}"
EndProject
Project("{2150E333-8FDC-42A3-9474-1A3956D46DE8}") = "Ordering", "Ordering", "{8AB331EB-F129-4CE2-A963-02AEB63AA098}"
EndProject
Project("{9A19103F-16F7-4668-BE54-9A1E7A4F7556}") = "Ordering.API", "src\Services\Ordering\Ordering.API\Ordering.API.csproj", "{88C3D0EB-B6AC-4AB0-9F2F-22BF8E0D1074}"
EndProject
Project("{9A19103F-16F7-4668-BE54-9A1E7A4F7556}") = "Ordering.BackgroundTasks", "src\Services\Ordering\Ordering.BackgroundTasks\Ordering.BackgroundTasks.csproj", "{2267B0C4-A9CD-449F-9AEB-97D3421979AC}"
EndProject
Project("{9A19103F-16F7-4668-BE54-9A1E7A4F7556}") = "Ordering.Domain", "src\Services\Ordering\Ordering.Domain\Ordering.Domain.csproj", "{D74171FD-BED2-49A8-84EF-F506C2494EC9}"
EndProject
Project("{9A19103F-16F7-4668-BE54-9A1E7A4F7556}") = "Ordering.Infrastructure", "src\Services\Ordering\Ordering.Infrastructure\Ordering.Infrastructure.csproj", "{2B5E7F65-5C16-4BAA-9510-051DC06A3B26}"
EndProject
Project("{9A19103F-16F7-4668-BE54-9A1E7A4F7556}") = "OrderingrHub", "src\Services\Ordering\OrderingrHub\OrderingrHub.csproj", "{4A6D961A-3D43-4A37-B452-B462B8A4ED7F}"
EndProject
Project("{2150E333-8FDC-42A3-9474-1A3956D46DE8}") = "Basket", "Basket", "{EF846D24-B69B-40FF-82F8-553ACA14811C}"
EndProject
Project("{9A19103F-16F7-4668-BE54-9A1E7A4F7556}") = "Basket.API", "src\Services\Basket\Basket.API\Basket.API.csproj", "{9A0D25EA-CF9E-4D3A-BE81-8FC275E73939}"
EndProject
Project("{9A19103F-16F7-4668-BE54-9A1E7A4F7556}") = "Webhooks", "src\Services\Webhooks\Webhooks\Webhooks.csproj", "{8D68534B-78B8-435E-BABF-54493A80C390}"
EndProject
Project("{2150E333-8FDC-42A3-9474-1A3956D46DE8}") = "Payment", "Payment", "{301FC1BC-69C9-4685-B1CF-B0E35336ADD6}"
EndProject
Project("{FAE04EC0-301F-11D3-BF4B-00C04F79EFBC}") = "Payment.API", "src\Services\Payment\Payment.API\Payment.API.csproj", "{238D2502-CA3E-45F2-815E-E07FED925FF0}"
EndProject
Project("{2150E333-8FDC-42A3-9474-1A3956D46DE8}") = "Identity", "Identity", "{D80B7CFD-EDD4-407F-9E8C-CC464FCB4AA6}"
EndProject
Project("{FAE04EC0-301F-11D3-BF4B-00C04F79EFBC}") = "Identity.API", "src\Services\Identity\Identity.API\Identity.API.csproj", "{402E95C3-4833-4C72-8BAF-576E8CACA597}"
EndProject
Global
	GlobalSection(SolutionConfigurationPlatforms) = preSolution
		Debug|Any CPU = Debug|Any CPU
		Release|Any CPU = Release|Any CPU
	EndGlobalSection
	GlobalSection(ProjectConfigurationPlatforms) = postSolution
		{0D5EF8EF-07C3-400E-8A90-8E6E23684684}.Debug|Any CPU.ActiveCfg = Debug|Any CPU
		{0D5EF8EF-07C3-400E-8A90-8E6E23684684}.Debug|Any CPU.Build.0 = Debug|Any CPU
		{0D5EF8EF-07C3-400E-8A90-8E6E23684684}.Release|Any CPU.ActiveCfg = Release|Any CPU
		{0D5EF8EF-07C3-400E-8A90-8E6E23684684}.Release|Any CPU.Build.0 = Release|Any CPU
		{BCCAB7AF-1290-4617-A7C3-2964905DD90B}.Debug|Any CPU.ActiveCfg = Debug|Any CPU
		{BCCAB7AF-1290-4617-A7C3-2964905DD90B}.Debug|Any CPU.Build.0 = Debug|Any CPU
		{BCCAB7AF-1290-4617-A7C3-2964905DD90B}.Release|Any CPU.ActiveCfg = Release|Any CPU
		{BCCAB7AF-1290-4617-A7C3-2964905DD90B}.Release|Any CPU.Build.0 = Release|Any CPU
		{5C329C85-8648-4182-A394-012401F4D164}.Debug|Any CPU.ActiveCfg = Debug|Any CPU
		{5C329C85-8648-4182-A394-012401F4D164}.Debug|Any CPU.Build.0 = Debug|Any CPU
		{5C329C85-8648-4182-A394-012401F4D164}.Release|Any CPU.ActiveCfg = Release|Any CPU
		{5C329C85-8648-4182-A394-012401F4D164}.Release|Any CPU.Build.0 = Release|Any CPU
		{52DC4FCD-A438-441A-9AF4-A72BD382925F}.Debug|Any CPU.ActiveCfg = Debug|Any CPU
		{52DC4FCD-A438-441A-9AF4-A72BD382925F}.Debug|Any CPU.Build.0 = Debug|Any CPU
		{52DC4FCD-A438-441A-9AF4-A72BD382925F}.Release|Any CPU.ActiveCfg = Release|Any CPU
		{52DC4FCD-A438-441A-9AF4-A72BD382925F}.Release|Any CPU.Build.0 = Release|Any CPU
		{68EB64AC-2BAC-4F95-B8CC-F7962BFC3445}.Debug|Any CPU.ActiveCfg = Debug|Any CPU
		{68EB64AC-2BAC-4F95-B8CC-F7962BFC3445}.Debug|Any CPU.Build.0 = Debug|Any CPU
		{68EB64AC-2BAC-4F95-B8CC-F7962BFC3445}.Release|Any CPU.ActiveCfg = Release|Any CPU
		{68EB64AC-2BAC-4F95-B8CC-F7962BFC3445}.Release|Any CPU.Build.0 = Release|Any CPU
		{6E49ACD5-8CA6-4504-8717-0141FAE36777}.Debug|Any CPU.ActiveCfg = Debug|Any CPU
		{6E49ACD5-8CA6-4504-8717-0141FAE36777}.Debug|Any CPU.Build.0 = Debug|Any CPU
		{6E49ACD5-8CA6-4504-8717-0141FAE36777}.Release|Any CPU.ActiveCfg = Release|Any CPU
		{6E49ACD5-8CA6-4504-8717-0141FAE36777}.Release|Any CPU.Build.0 = Release|Any CPU
		{F345F544-FA8B-44C4-9897-F74BA802F96D}.Debug|Any CPU.ActiveCfg = Debug|Any CPU
		{F345F544-FA8B-44C4-9897-F74BA802F96D}.Debug|Any CPU.Build.0 = Debug|Any CPU
		{F345F544-FA8B-44C4-9897-F74BA802F96D}.Release|Any CPU.ActiveCfg = Release|Any CPU
		{F345F544-FA8B-44C4-9897-F74BA802F96D}.Release|Any CPU.Build.0 = Release|Any CPU
		{88C3D0EB-B6AC-4AB0-9F2F-22BF8E0D1074}.Debug|Any CPU.ActiveCfg = Debug|Any CPU
		{88C3D0EB-B6AC-4AB0-9F2F-22BF8E0D1074}.Debug|Any CPU.Build.0 = Debug|Any CPU
		{88C3D0EB-B6AC-4AB0-9F2F-22BF8E0D1074}.Release|Any CPU.ActiveCfg = Release|Any CPU
		{88C3D0EB-B6AC-4AB0-9F2F-22BF8E0D1074}.Release|Any CPU.Build.0 = Release|Any CPU
		{2267B0C4-A9CD-449F-9AEB-97D3421979AC}.Debug|Any CPU.ActiveCfg = Debug|Any CPU
		{2267B0C4-A9CD-449F-9AEB-97D3421979AC}.Debug|Any CPU.Build.0 = Debug|Any CPU
		{2267B0C4-A9CD-449F-9AEB-97D3421979AC}.Release|Any CPU.ActiveCfg = Release|Any CPU
		{2267B0C4-A9CD-449F-9AEB-97D3421979AC}.Release|Any CPU.Build.0 = Release|Any CPU
		{D74171FD-BED2-49A8-84EF-F506C2494EC9}.Debug|Any CPU.ActiveCfg = Debug|Any CPU
		{D74171FD-BED2-49A8-84EF-F506C2494EC9}.Debug|Any CPU.Build.0 = Debug|Any CPU
		{D74171FD-BED2-49A8-84EF-F506C2494EC9}.Release|Any CPU.ActiveCfg = Release|Any CPU
		{D74171FD-BED2-49A8-84EF-F506C2494EC9}.Release|Any CPU.Build.0 = Release|Any CPU
		{2B5E7F65-5C16-4BAA-9510-051DC06A3B26}.Debug|Any CPU.ActiveCfg = Debug|Any CPU
		{2B5E7F65-5C16-4BAA-9510-051DC06A3B26}.Debug|Any CPU.Build.0 = Debug|Any CPU
		{2B5E7F65-5C16-4BAA-9510-051DC06A3B26}.Release|Any CPU.ActiveCfg = Release|Any CPU
		{2B5E7F65-5C16-4BAA-9510-051DC06A3B26}.Release|Any CPU.Build.0 = Release|Any CPU
		{4A6D961A-3D43-4A37-B452-B462B8A4ED7F}.Debug|Any CPU.ActiveCfg = Debug|Any CPU
		{4A6D961A-3D43-4A37-B452-B462B8A4ED7F}.Debug|Any CPU.Build.0 = Debug|Any CPU
		{4A6D961A-3D43-4A37-B452-B462B8A4ED7F}.Release|Any CPU.ActiveCfg = Release|Any CPU
		{4A6D961A-3D43-4A37-B452-B462B8A4ED7F}.Release|Any CPU.Build.0 = Release|Any CPU
		{9A0D25EA-CF9E-4D3A-BE81-8FC275E73939}.Debug|Any CPU.ActiveCfg = Debug|Any CPU
		{9A0D25EA-CF9E-4D3A-BE81-8FC275E73939}.Debug|Any CPU.Build.0 = Debug|Any CPU
		{9A0D25EA-CF9E-4D3A-BE81-8FC275E73939}.Release|Any CPU.ActiveCfg = Release|Any CPU
		{9A0D25EA-CF9E-4D3A-BE81-8FC275E73939}.Release|Any CPU.Build.0 = Release|Any CPU
		{8D68534B-78B8-435E-BABF-54493A80C390}.Debug|Any CPU.ActiveCfg = Debug|Any CPU
		{8D68534B-78B8-435E-BABF-54493A80C390}.Debug|Any CPU.Build.0 = Debug|Any CPU
		{8D68534B-78B8-435E-BABF-54493A80C390}.Release|Any CPU.ActiveCfg = Release|Any CPU
		{8D68534B-78B8-435E-BABF-54493A80C390}.Release|Any CPU.Build.0 = Release|Any CPU
		{238D2502-CA3E-45F2-815E-E07FED925FF0}.Debug|Any CPU.ActiveCfg = Debug|Any CPU
		{238D2502-CA3E-45F2-815E-E07FED925FF0}.Debug|Any CPU.Build.0 = Debug|Any CPU
		{238D2502-CA3E-45F2-815E-E07FED925FF0}.Release|Any CPU.ActiveCfg = Release|Any CPU
		{238D2502-CA3E-45F2-815E-E07FED925FF0}.Release|Any CPU.Build.0 = Release|Any CPU
		{402E95C3-4833-4C72-8BAF-576E8CACA597}.Debug|Any CPU.ActiveCfg = Debug|Any CPU
		{402E95C3-4833-4C72-8BAF-576E8CACA597}.Debug|Any CPU.Build.0 = Debug|Any CPU
		{402E95C3-4833-4C72-8BAF-576E8CACA597}.Release|Any CPU.ActiveCfg = Release|Any CPU
		{402E95C3-4833-4C72-8BAF-576E8CACA597}.Release|Any CPU.Build.0 = Release|Any CPU
	EndGlobalSection
	GlobalSection(SolutionProperties) = preSolution
		HideSolutionNode = FALSE
	EndGlobalSection
	GlobalSection(NestedProjects) = preSolution
		{9866C1DF-FC9A-4533-905D-325E04ECB01D} = {39C72C02-D962-459B-934A-2CF1E5FACB21}
		{F9E8DA2C-F670-45AC-BDFD-AFC36950CE8F} = {39C72C02-D962-459B-934A-2CF1E5FACB21}
		{A96F7C86-AAC7-4ED7-BCD1-DDDE316B122D} = {39C72C02-D962-459B-934A-2CF1E5FACB21}
		{AD0484E9-F9F0-417C-90EB-FE344D1F37D6} = {A96F7C86-AAC7-4ED7-BCD1-DDDE316B122D}
		{3198E9E0-4173-4EE7-85FA-82742C0FF18A} = {F9E8DA2C-F670-45AC-BDFD-AFC36950CE8F}
		{0D5EF8EF-07C3-400E-8A90-8E6E23684684} = {3198E9E0-4173-4EE7-85FA-82742C0FF18A}
		{BCCAB7AF-1290-4617-A7C3-2964905DD90B} = {AD0484E9-F9F0-417C-90EB-FE344D1F37D6}
		{0A15502F-9E4A-464A-B615-3CD97D99E6E4} = {A96F7C86-AAC7-4ED7-BCD1-DDDE316B122D}
		{5C329C85-8648-4182-A394-012401F4D164} = {0A15502F-9E4A-464A-B615-3CD97D99E6E4}
		{52DC4FCD-A438-441A-9AF4-A72BD382925F} = {AD0484E9-F9F0-417C-90EB-FE344D1F37D6}
		{1B0C9388-1B52-4BA1-9423-0DD830BFCEFF} = {A96F7C86-AAC7-4ED7-BCD1-DDDE316B122D}
		{68EB64AC-2BAC-4F95-B8CC-F7962BFC3445} = {AD0484E9-F9F0-417C-90EB-FE344D1F37D6}
		{6E49ACD5-8CA6-4504-8717-0141FAE36777} = {AD0484E9-F9F0-417C-90EB-FE344D1F37D6}
		{F345F544-FA8B-44C4-9897-F74BA802F96D} = {1B0C9388-1B52-4BA1-9423-0DD830BFCEFF}
		{8AB331EB-F129-4CE2-A963-02AEB63AA098} = {F9E8DA2C-F670-45AC-BDFD-AFC36950CE8F}
		{88C3D0EB-B6AC-4AB0-9F2F-22BF8E0D1074} = {8AB331EB-F129-4CE2-A963-02AEB63AA098}
		{2267B0C4-A9CD-449F-9AEB-97D3421979AC} = {8AB331EB-F129-4CE2-A963-02AEB63AA098}
		{D74171FD-BED2-49A8-84EF-F506C2494EC9} = {8AB331EB-F129-4CE2-A963-02AEB63AA098}
		{2B5E7F65-5C16-4BAA-9510-051DC06A3B26} = {8AB331EB-F129-4CE2-A963-02AEB63AA098}
		{4A6D961A-3D43-4A37-B452-B462B8A4ED7F} = {8AB331EB-F129-4CE2-A963-02AEB63AA098}
		{EF846D24-B69B-40FF-82F8-553ACA14811C} = {F9E8DA2C-F670-45AC-BDFD-AFC36950CE8F}
		{9A0D25EA-CF9E-4D3A-BE81-8FC275E73939} = {EF846D24-B69B-40FF-82F8-553ACA14811C}
		{8D68534B-78B8-435E-BABF-54493A80C390} = {F9E8DA2C-F670-45AC-BDFD-AFC36950CE8F}
		{301FC1BC-69C9-4685-B1CF-B0E35336ADD6} = {F9E8DA2C-F670-45AC-BDFD-AFC36950CE8F}
		{238D2502-CA3E-45F2-815E-E07FED925FF0} = {301FC1BC-69C9-4685-B1CF-B0E35336ADD6}
		{D80B7CFD-EDD4-407F-9E8C-CC464FCB4AA6} = {F9E8DA2C-F670-45AC-BDFD-AFC36950CE8F}
		{402E95C3-4833-4C72-8BAF-576E8CACA597} = {D80B7CFD-EDD4-407F-9E8C-CC464FCB4AA6}
	EndGlobalSection
	GlobalSection(ExtensibilityGlobals) = postSolution
		SolutionGuid = {959D4CB7-E2C8-4868-B0ED-B4FFD49E2ABD}
	EndGlobalSection
EndGlobal
